
Microsoft Visual Studio Solution File, Format Version 11.00
# Visual Studio 2010
Project("{8BC9CEB8-8B4A-11D0-8D11-00A0C91BC942}") = "Hadron", "Hadron\Hadron.vcxproj", "{F2E0949D-C744-4516-B421-D924C59AF597}"
EndProject
Project("{8BC9CEB8-8B4A-11D0-8D11-00A0C91BC942}") = "HadronParticles", "HadronParticles\HadronParticles.vcxproj", "{0035775C-6268-4907-B7E6-EF20DE09ED7D}"
EndProject
Global
	GlobalSection(SolutionConfigurationPlatforms) = preSolution
		Debug|Win32 = Debug|Win32
		Release|Win32 = Release|Win32
	EndGlobalSection
	GlobalSection(ProjectConfigurationPlatforms) = postSolution
		{F2E0949D-C744-4516-B421-D924C59AF597}.Debug|Win32.ActiveCfg = Debug|Win32
		{F2E0949D-C744-4516-B421-D924C59AF597}.Debug|Win32.Build.0 = Debug|Win32
		{F2E0949D-C744-4516-B421-D924C59AF597}.Release|Win32.ActiveCfg = Release|Win32
		{F2E0949D-C744-4516-B421-D924C59AF597}.Release|Win32.Build.0 = Release|Win32
		{0035775C-6268-4907-B7E6-EF20DE09ED7D}.Debug|Win32.ActiveCfg = Debug|Win32
		{0035775C-6268-4907-B7E6-EF20DE09ED7D}.Debug|Win32.Build.0 = Debug|Win32
		{0035775C-6268-4907-B7E6-EF20DE09ED7D}.Release|Win32.ActiveCfg = Release|Win32
		{0035775C-6268-4907-B7E6-EF20DE09ED7D}.Release|Win32.Build.0 = Release|Win32
	EndGlobalSection
	GlobalSection(SolutionProperties) = preSolution
		HideSolutionNode = FALSE
	EndGlobalSection
EndGlobal
